# This file is automatically @generated by Cargo.
# It is not intended for manual editing.
version = 4

[[package]]
name = "autocfg"
version = "1.5.0"
source = "registry+https://github.com/rust-lang/crates.io-index"
checksum = "c08606f8c3cbf4ce6ec8e28fb0014a2c086708fe954eaa885384a6165172e7e8"

[[package]]
name = "bitflags"
version = "2.9.4"
source = "registry+https://github.com/rust-lang/crates.io-index"
checksum = "2261d10cca569e4643e526d8dc2e62e433cc8aba21ab764233731f8d369bf394"

[[package]]
name = "cc"
version = "1.2.37"
source = "registry+https://github.com/rust-lang/crates.io-index"
checksum = "65193589c6404eb80b450d618eaf9a2cafaaafd57ecce47370519ef674a7bd44"
dependencies = [
 "find-msvc-tools",
 "shlex",
]

[[package]]
name = "common"
version = "0.1.0"
dependencies = [
 "sdl3",
]

[[package]]
name = "find-msvc-tools"
version = "0.1.1"
source = "registry+https://github.com/rust-lang/crates.io-index"
checksum = "7fd99930f64d146689264c637b5af2f0233a933bef0d8570e2526bf9e083192d"

[[package]]
name = "game"
version = "0.1.0"
dependencies = [
 "common",
]

[[package]]
name = "glm"
version = "0.3.0"
source = "registry+https://github.com/rust-lang/crates.io-index"
checksum = "554870bc5d1b098ae10c380ebfeeb35e408107dcb5bb00e4677fc64eb4ce2aea"
dependencies = [
 "num-traits",
]

[[package]]
name = "lazy_static"
version = "1.5.0"
source = "registry+https://github.com/rust-lang/crates.io-index"
checksum = "bbd2bcb4c963f2ddae06a2efc7e9f3591312473c50c6685e1f298068316e66fe"

[[package]]
name = "libc"
version = "0.2.175"
source = "registry+https://github.com/rust-lang/crates.io-index"
checksum = "6a82ae493e598baaea5209805c49bbf2ea7de956d50d7da0da1164f9c6d28543"

[[package]]
name = "num-traits"
version = "0.2.19"
source = "registry+https://github.com/rust-lang/crates.io-index"
checksum = "071dfc062690e90b734c0b2273ce72ad0ffa95f0c74596bc250dcfd960262841"
dependencies = [
 "autocfg",
]

[[package]]
name = "sdl3"
version = "0.15.1"
source = "registry+https://github.com/rust-lang/crates.io-index"
checksum = "27ecee228c5aaa187c8952d5708aaa8dbd2517ea69349eac4b3ed0ec37e09cdb"
dependencies = [
 "bitflags",
 "lazy_static",
 "libc",
 "sdl3-sys",
]

[[package]]
name = "sdl3-sys"
version = "0.5.5+SDL3-3.2.22"
source = "registry+https://github.com/rust-lang/crates.io-index"
checksum = "488b4c68d9c0a450087a8b7c9dc6921483354127b0e60033d2d9b8f6a281331b"

[[package]]
name = "sdl3_gpu"
version = "0.1.0"
dependencies = [
 "common",
 "glm",
 "sdl3",
 "stb_image",
]

[[package]]
name = "shlex"
version = "1.3.0"
source = "registry+https://github.com/rust-lang/crates.io-index"
checksum = "0fda2ff0d084019ba4d7c6f371c95d8fd75ce3524c3cb8fb653a3023f6323e64"

[[package]]
name = "stb_image"
version = "0.3.0"
source = "registry+https://github.com/rust-lang/crates.io-index"
checksum = "bfdaa89eb7dd3362e4abb16c4a8acf04786755882b38ff00714f2f1de0f4fcd3"
dependencies = [
 "cc",
 "libc",
]
